
Microsoft Visual Studio Solution File, Format Version 12.00
# Visual Studio 14
VisualStudioVersion = 14.0.22310.1
MinimumVisualStudioVersion = 10.0.40219.1
Project("{2150E333-8FDC-42A3-9474-1A3956D46DE8}") = "Engine", "Engine", "{5083CE38-ECE2-4D83-AA5A-62785FFF4886}"
EndProject
Project("{2150E333-8FDC-42A3-9474-1A3956D46DE8}") = "Games", "Games", "{8E7F1E01-BABE-42DE-8294-1685090DF0AC}"
EndProject
Project("{8BC9CEB8-8B4A-11D0-8D11-00A0C91BC942}") = "UE4", "Intermediate\ProjectFiles\UE4.vcxproj", "{889D5A20-CCB9-4854-A51D-FF206DD35709}"
EndProject
Project("{8BC9CEB8-8B4A-11D0-8D11-00A0C91BC942}") = "BuildEscapeFPS", "Intermediate\ProjectFiles\BuildEscapeFPS.vcxproj", "{CBB2E698-BDFE-4DA5-BD3A-E914292EC163}"
EndProject
Project("{2150E333-8FDC-42A3-9474-1A3956D46DE8}") = "Visualizers", "Visualizers", "{DFDD592E-CB2D-4569-9B4D-C8D98E9BE9BE}"
	ProjectSection(SolutionItems) = preProject
		..\..\..\..\..\Program Files\Epic Games\UE_4.24\Engine\Extras\VisualStudioDebugging\UE4.natvis = ..\..\..\..\..\Program Files\Epic Games\UE_4.24\Engine\Extras\VisualStudioDebugging\UE4.natvis
	EndProjectSection
EndProject
Global
	GlobalSection(SolutionConfigurationPlatforms) = preSolution
		DebugGame Editor|Win32 = DebugGame Editor|Win32
		DebugGame Editor|Win64 = DebugGame Editor|Win64
		DebugGame|Win32 = DebugGame|Win32
		DebugGame|Win64 = DebugGame|Win64
		Development Editor|Win32 = Development Editor|Win32
		Development Editor|Win64 = Development Editor|Win64
		Development|Win32 = Development|Win32
		Development|Win64 = Development|Win64
		Shipping|Win32 = Shipping|Win32
		Shipping|Win64 = Shipping|Win64
	EndGlobalSection
	GlobalSection(ProjectConfigurationPlatforms) = postSolution
		{889D5A20-CCB9-4854-A51D-FF206DD35709}.DebugGame Editor|Win32.ActiveCfg = BuiltWithUnrealBuildTool|Win32
		{889D5A20-CCB9-4854-A51D-FF206DD35709}.DebugGame Editor|Win64.ActiveCfg = BuiltWithUnrealBuildTool|Win32
		{889D5A20-CCB9-4854-A51D-FF206DD35709}.DebugGame|Win32.ActiveCfg = BuiltWithUnrealBuildTool|Win32
		{889D5A20-CCB9-4854-A51D-FF206DD35709}.DebugGame|Win64.ActiveCfg = BuiltWithUnrealBuildTool|Win32
		{889D5A20-CCB9-4854-A51D-FF206DD35709}.Development Editor|Win32.ActiveCfg = BuiltWithUnrealBuildTool|Win32
		{889D5A20-CCB9-4854-A51D-FF206DD35709}.Development Editor|Win64.ActiveCfg = BuiltWithUnrealBuildTool|Win32
		{889D5A20-CCB9-4854-A51D-FF206DD35709}.Development|Win32.ActiveCfg = BuiltWithUnrealBuildTool|Win32
		{889D5A20-CCB9-4854-A51D-FF206DD35709}.Development|Win64.ActiveCfg = BuiltWithUnrealBuildTool|Win32
		{889D5A20-CCB9-4854-A51D-FF206DD35709}.Shipping|Win32.ActiveCfg = BuiltWithUnrealBuildTool|Win32
		{889D5A20-CCB9-4854-A51D-FF206DD35709}.Shipping|Win64.ActiveCfg = BuiltWithUnrealBuildTool|Win32
		{CBB2E698-BDFE-4DA5-BD3A-E914292EC163}.DebugGame Editor|Win32.ActiveCfg = Invalid|Win32
		{CBB2E698-BDFE-4DA5-BD3A-E914292EC163}.DebugGame Editor|Win64.ActiveCfg = DebugGame_Editor|x64
		{CBB2E698-BDFE-4DA5-BD3A-E914292EC163}.DebugGame Editor|Win64.Build.0 = DebugGame_Editor|x64
		{CBB2E698-BDFE-4DA5-BD3A-E914292EC163}.DebugGame|Win32.ActiveCfg = DebugGame|Win32
		{CBB2E698-BDFE-4DA5-BD3A-E914292EC163}.DebugGame|Win32.Build.0 = DebugGame|Win32
		{CBB2E698-BDFE-4DA5-BD3A-E914292EC163}.DebugGame|Win64.ActiveCfg = DebugGame|x64
		{CBB2E698-BDFE-4DA5-BD3A-E914292EC163}.DebugGame|Win64.Build.0 = DebugGame|x64
		{CBB2E698-BDFE-4DA5-BD3A-E914292EC163}.Development Editor|Win32.ActiveCfg = Invalid|Win32
		{CBB2E698-BDFE-4DA5-BD3A-E914292EC163}.Development Editor|Win64.ActiveCfg = Development_Editor|x64
		{CBB2E698-BDFE-4DA5-BD3A-E914292EC163}.Development Editor|Win64.Build.0 = Development_Editor|x64
		{CBB2E698-BDFE-4DA5-BD3A-E914292EC163}.Development|Win32.ActiveCfg = Development|Win32
		{CBB2E698-BDFE-4DA5-BD3A-E914292EC163}.Development|Win32.Build.0 = Development|Win32
		{CBB2E698-BDFE-4DA5-BD3A-E914292EC163}.Development|Win64.ActiveCfg = Development|x64
		{CBB2E698-BDFE-4DA5-BD3A-E914292EC163}.Development|Win64.Build.0 = Development|x64
		{CBB2E698-BDFE-4DA5-BD3A-E914292EC163}.Shipping|Win32.ActiveCfg = Shipping|Win32
		{CBB2E698-BDFE-4DA5-BD3A-E914292EC163}.Shipping|Win32.Build.0 = Shipping|Win32
		{CBB2E698-BDFE-4DA5-BD3A-E914292EC163}.Shipping|Win64.ActiveCfg = Shipping|x64
		{CBB2E698-BDFE-4DA5-BD3A-E914292EC163}.Shipping|Win64.Build.0 = Shipping|x64
	EndGlobalSection
	GlobalSection(SolutionProperties) = preSolution
		HideSolutionNode = FALSE
	EndGlobalSection
	GlobalSection(NestedProjects) = preSolution
		{889D5A20-CCB9-4854-A51D-FF206DD35709} = {5083CE38-ECE2-4D83-AA5A-62785FFF4886}
		{CBB2E698-BDFE-4DA5-BD3A-E914292EC163} = {8E7F1E01-BABE-42DE-8294-1685090DF0AC}
	EndGlobalSection
EndGlobal
